// !$*UTF8*$!
{
	archiveVersion = 1;
	classes = {
	};
	objectVersion = 46;
	objects = {

/* Begin PBXBuildFile section */
		580AAE321E9813170083D0CC /* Localizable.strings in Resources */ = {isa = PBXBuildFile; fileRef = 580AAE341E9813170083D0CC /* Localizable.strings */; };
		580AAE391E981FBF0083D0CC /* SettingsCell.swift in Sources */ = {isa = PBXBuildFile; fileRef = 580AAE381E981FBF0083D0CC /* SettingsCell.swift */; };
		580AAE3B1E9824EC0083D0CC /* LightNC.swift in Sources */ = {isa = PBXBuildFile; fileRef = 580AAE3A1E9824EC0083D0CC /* LightNC.swift */; };
		5814A1B51E980EE0000A604A /* SettingsVC.swift in Sources */ = {isa = PBXBuildFile; fileRef = 5814A1B41E980EE0000A604A /* SettingsVC.swift */; };
		585C8BFE1E9A3F370000C63D /* InstructionVC.swift in Sources */ = {isa = PBXBuildFile; fileRef = 585C8BFD1E9A3F370000C63D /* InstructionVC.swift */; };
		585C8C011E9A59940000C63D /* SettingsFooterView.swift in Sources */ = {isa = PBXBuildFile; fileRef = 585C8C001E9A59940000C63D /* SettingsFooterView.swift */; };
		585C8C181E9A70A20000C63D /* Stickers.xcassets in Resources */ = {isa = PBXBuildFile; fileRef = 585C8C171E9A70A20000C63D /* Stickers.xcassets */; };
		585C8C1D1E9A70A20000C63D /* Stickers.appex in Embed App Extensions */ = {isa = PBXBuildFile; fileRef = 585C8C151E9A70A20000C63D /* Stickers.appex */; settings = {ATTRIBUTES = (RemoveHeadersOnCopy, ); }; };
		588DBCF31E98515E00271415 /* KoalaActionSheet.swift in Sources */ = {isa = PBXBuildFile; fileRef = 588DBCF21E98515E00271415 /* KoalaActionSheet.swift */; };
		58AE54DC1E97FC4400B6DC2F /* AppDelegate.swift in Sources */ = {isa = PBXBuildFile; fileRef = 58AE54DB1E97FC4400B6DC2F /* AppDelegate.swift */; };
		58AE54DE1E97FC4400B6DC2F /* MainVC.swift in Sources */ = {isa = PBXBuildFile; fileRef = 58AE54DD1E97FC4400B6DC2F /* MainVC.swift */; };
		58AE54E31E97FC4400B6DC2F /* Assets.xcassets in Resources */ = {isa = PBXBuildFile; fileRef = 58AE54E21E97FC4400B6DC2F /* Assets.xcassets */; };
		58AE54E61E97FC4400B6DC2F /* LaunchScreen.storyboard in Resources */ = {isa = PBXBuildFile; fileRef = 58AE54E41E97FC4400B6DC2F /* LaunchScreen.storyboard */; };
		58AE54F31E98051C00B6DC2F /* IntensityCircleView.swift in Sources */ = {isa = PBXBuildFile; fileRef = 58AE54F21E98051C00B6DC2F /* IntensityCircleView.swift */; };
		58AE54FA1E98097900B6DC2F /* Poppins-Bold.ttf in Resources */ = {isa = PBXBuildFile; fileRef = 58AE54F51E98097900B6DC2F /* Poppins-Bold.ttf */; };
		58AE54FB1E98097900B6DC2F /* Poppins-Light.ttf in Resources */ = {isa = PBXBuildFile; fileRef = 58AE54F61E98097900B6DC2F /* Poppins-Light.ttf */; };
		58AE54FC1E98097900B6DC2F /* Poppins-Medium.ttf in Resources */ = {isa = PBXBuildFile; fileRef = 58AE54F71E98097900B6DC2F /* Poppins-Medium.ttf */; };
		58AE54FD1E98097900B6DC2F /* Poppins-Regular.ttf in Resources */ = {isa = PBXBuildFile; fileRef = 58AE54F81E98097900B6DC2F /* Poppins-Regular.ttf */; };
		58AE54FE1E98097900B6DC2F /* Poppins-SemiBold.ttf in Resources */ = {isa = PBXBuildFile; fileRef = 58AE54F91E98097900B6DC2F /* Poppins-SemiBold.ttf */; };
		58AE55001E9809EF00B6DC2F /* StyleSheet.swift in Sources */ = {isa = PBXBuildFile; fileRef = 58AE54FF1E9809EF00B6DC2F /* StyleSheet.swift */; };
		FF498BF8C44CE175901B58F8 /* Pods_Koala.framework in Frameworks */ = {isa = PBXBuildFile; fileRef = 9C7E162027FB2807504D0B2B /* Pods_Koala.framework */; };
/* End PBXBuildFile section */

/* Begin PBXContainerItemProxy section */
		585C8C1A1E9A70A20000C63D /* PBXContainerItemProxy */ = {
			isa = PBXContainerItemProxy;
			containerPortal = 58AE54D01E97FC4400B6DC2F /* Project object */;
			proxyType = 1;
			remoteGlobalIDString = 585C8C141E9A70A20000C63D;
			remoteInfo = Stickers;
		};
/* End PBXContainerItemProxy section */

/* Begin PBXCopyFilesBuildPhase section */
		585C8C1C1E9A70A20000C63D /* Embed App Extensions */ = {
			isa = PBXCopyFilesBuildPhase;
			buildActionMask = 2147483647;
			dstPath = "";
			dstSubfolderSpec = 13;
			files = (
				585C8C1D1E9A70A20000C63D /* Stickers.appex in Embed App Extensions */,
			);
			name = "Embed App Extensions";
			runOnlyForDeploymentPostprocessing = 0;
		};
/* End PBXCopyFilesBuildPhase section */

/* Begin PBXFileReference section */
		580AAE2E1E98116F0083D0CC /* Base */ = {isa = PBXFileReference; lastKnownFileType = file.storyboard; name = Base; path = Base.lproj/LaunchScreen.storyboard; sourceTree = "<group>"; };
		580AAE331E9813170083D0CC /* Base */ = {isa = PBXFileReference; lastKnownFileType = text.plist.strings; name = Base; path = Base.lproj/Localizable.strings; sourceTree = "<group>"; };
		580AAE351E9813180083D0CC /* en */ = {isa = PBXFileReference; lastKnownFileType = text.plist.strings; name = en; path = en.lproj/Localizable.strings; sourceTree = "<group>"; };
		580AAE361E9813190083D0CC /* fr */ = {isa = PBXFileReference; lastKnownFileType = text.plist.strings; name = fr; path = fr.lproj/Localizable.strings; sourceTree = "<group>"; };
		580AAE381E981FBF0083D0CC /* SettingsCell.swift */ = {isa = PBXFileReference; fileEncoding = 4; lastKnownFileType = sourcecode.swift; path = SettingsCell.swift; sourceTree = "<group>"; };
		580AAE3A1E9824EC0083D0CC /* LightNC.swift */ = {isa = PBXFileReference; fileEncoding = 4; lastKnownFileType = sourcecode.swift; path = LightNC.swift; sourceTree = "<group>"; };
		5814A1B41E980EE0000A604A /* SettingsVC.swift */ = {isa = PBXFileReference; fileEncoding = 4; lastKnownFileType = sourcecode.swift; path = SettingsVC.swift; sourceTree = "<group>"; };
		585C8BFD1E9A3F370000C63D /* InstructionVC.swift */ = {isa = PBXFileReference; fileEncoding = 4; lastKnownFileType = sourcecode.swift; path = InstructionVC.swift; sourceTree = "<group>"; };
		585C8C001E9A59940000C63D /* SettingsFooterView.swift */ = {isa = PBXFileReference; fileEncoding = 4; lastKnownFileType = sourcecode.swift; path = SettingsFooterView.swift; sourceTree = "<group>"; };
		585C8C151E9A70A20000C63D /* Stickers.appex */ = {isa = PBXFileReference; explicitFileType = "wrapper.app-extension"; includeInIndex = 0; path = Stickers.appex; sourceTree = BUILT_PRODUCTS_DIR; };
		585C8C171E9A70A20000C63D /* Stickers.xcassets */ = {isa = PBXFileReference; lastKnownFileType = folder.assetcatalog; path = Stickers.xcassets; sourceTree = "<group>"; };
		585C8C191E9A70A20000C63D /* Info.plist */ = {isa = PBXFileReference; lastKnownFileType = text.plist.xml; path = Info.plist; sourceTree = "<group>"; };
		588DBCF21E98515E00271415 /* KoalaActionSheet.swift */ = {isa = PBXFileReference; fileEncoding = 4; lastKnownFileType = sourcecode.swift; path = KoalaActionSheet.swift; sourceTree = "<group>"; };
		58AE54D81E97FC4400B6DC2F /* Koala.app */ = {isa = PBXFileReference; explicitFileType = wrapper.application; includeInIndex = 0; path = Koala.app; sourceTree = BUILT_PRODUCTS_DIR; };
		58AE54DB1E97FC4400B6DC2F /* AppDelegate.swift */ = {isa = PBXFileReference; lastKnownFileType = sourcecode.swift; path = AppDelegate.swift; sourceTree = "<group>"; };
		58AE54DD1E97FC4400B6DC2F /* MainVC.swift */ = {isa = PBXFileReference; lastKnownFileType = sourcecode.swift; path = MainVC.swift; sourceTree = "<group>"; };
		58AE54E21E97FC4400B6DC2F /* Assets.xcassets */ = {isa = PBXFileReference; lastKnownFileType = folder.assetcatalog; path = Assets.xcassets; sourceTree = "<group>"; };
		58AE54E71E97FC4400B6DC2F /* Info.plist */ = {isa = PBXFileReference; lastKnownFileType = text.plist.xml; path = Info.plist; sourceTree = "<group>"; };
		58AE54F21E98051C00B6DC2F /* IntensityCircleView.swift */ = {isa = PBXFileReference; fileEncoding = 4; lastKnownFileType = sourcecode.swift; path = IntensityCircleView.swift; sourceTree = "<group>"; };
		58AE54F51E98097900B6DC2F /* Poppins-Bold.ttf */ = {isa = PBXFileReference; lastKnownFileType = file; path = "Poppins-Bold.ttf"; sourceTree = "<group>"; };
		58AE54F61E98097900B6DC2F /* Poppins-Light.ttf */ = {isa = PBXFileReference; lastKnownFileType = file; path = "Poppins-Light.ttf"; sourceTree = "<group>"; };
		58AE54F71E98097900B6DC2F /* Poppins-Medium.ttf */ = {isa = PBXFileReference; lastKnownFileType = file; path = "Poppins-Medium.ttf"; sourceTree = "<group>"; };
		58AE54F81E98097900B6DC2F /* Poppins-Regular.ttf */ = {isa = PBXFileReference; lastKnownFileType = file; path = "Poppins-Regular.ttf"; sourceTree = "<group>"; };
		58AE54F91E98097900B6DC2F /* Poppins-SemiBold.ttf */ = {isa = PBXFileReference; lastKnownFileType = file; path = "Poppins-SemiBold.ttf"; sourceTree = "<group>"; };
		58AE54FF1E9809EF00B6DC2F /* StyleSheet.swift */ = {isa = PBXFileReference; fileEncoding = 4; lastKnownFileType = sourcecode.swift; path = StyleSheet.swift; sourceTree = "<group>"; };
		9C7E162027FB2807504D0B2B /* Pods_Koala.framework */ = {isa = PBXFileReference; explicitFileType = wrapper.framework; includeInIndex = 0; path = Pods_Koala.framework; sourceTree = BUILT_PRODUCTS_DIR; };
		A727B7E0BF7CB4EBB7558939 /* Pods-Koala.debug.xcconfig */ = {isa = PBXFileReference; includeInIndex = 1; lastKnownFileType = text.xcconfig; name = "Pods-Koala.debug.xcconfig"; path = "Pods/Target Support Files/Pods-Koala/Pods-Koala.debug.xcconfig"; sourceTree = "<group>"; };
		E12A09EF0D5F5724A79C4613 /* Pods-Koala.release.xcconfig */ = {isa = PBXFileReference; includeInIndex = 1; lastKnownFileType = text.xcconfig; name = "Pods-Koala.release.xcconfig"; path = "Pods/Target Support Files/Pods-Koala/Pods-Koala.release.xcconfig"; sourceTree = "<group>"; };
/* End PBXFileReference section */

/* Begin PBXFrameworksBuildPhase section */
		0E73246594B697E10E8F1B25 /* Frameworks */ = {
			isa = PBXFrameworksBuildPhase;
			buildActionMask = 2147483647;
			files = (
			);
			runOnlyForDeploymentPostprocessing = 0;
		};
		58AE54D51E97FC4400B6DC2F /* Frameworks */ = {
			isa = PBXFrameworksBuildPhase;
			buildActionMask = 2147483647;
			files = (
				FF498BF8C44CE175901B58F8 /* Pods_Koala.framework in Frameworks */,
			);
			runOnlyForDeploymentPostprocessing = 0;
		};
/* End PBXFrameworksBuildPhase section */

/* Begin PBXGroup section */
		580AAE2F1E9812B20083D0CC /* Controllers */ = {
			isa = PBXGroup;
			children = (
				585C8BFF1E9A41A30000C63D /* Common */,
				588DBCF11E98512500271415 /* Main */,
				585C8BFC1E9A3F1E0000C63D /* Manual */,
				580AAE371E981FAB0083D0CC /* Settings */,
			);
			name = Controllers;
			sourceTree = "<group>";
		};
		580AAE371E981FAB0083D0CC /* Settings */ = {
			isa = PBXGroup;
			children = (
				5814A1B41E980EE0000A604A /* SettingsVC.swift */,
				580AAE381E981FBF0083D0CC /* SettingsCell.swift */,
				585C8C001E9A59940000C63D /* SettingsFooterView.swift */,
			);
			name = Settings;
			sourceTree = "<group>";
		};
		585C8BFC1E9A3F1E0000C63D /* Manual */ = {
			isa = PBXGroup;
			children = (
				585C8BFD1E9A3F370000C63D /* InstructionVC.swift */,
			);
			name = Manual;
			sourceTree = "<group>";
		};
		585C8BFF1E9A41A30000C63D /* Common */ = {
			isa = PBXGroup;
			children = (
				580AAE3A1E9824EC0083D0CC /* LightNC.swift */,
			);
			name = Common;
			sourceTree = "<group>";
		};
		585C8C161E9A70A20000C63D /* Stickers */ = {
			isa = PBXGroup;
			children = (
				585C8C171E9A70A20000C63D /* Stickers.xcassets */,
				585C8C191E9A70A20000C63D /* Info.plist */,
			);
			path = Stickers;
			sourceTree = "<group>";
		};
		588DBCF11E98512500271415 /* Main */ = {
			isa = PBXGroup;
			children = (
				58AE54DD1E97FC4400B6DC2F /* MainVC.swift */,
				58AE54F21E98051C00B6DC2F /* IntensityCircleView.swift */,
				588DBCF21E98515E00271415 /* KoalaActionSheet.swift */,
			);
			name = Main;
			sourceTree = "<group>";
		};
		58AE54CF1E97FC4400B6DC2F = {
			isa = PBXGroup;
			children = (
				58AE54DA1E97FC4400B6DC2F /* Koala */,
				585C8C161E9A70A20000C63D /* Stickers */,
				58AE54D91E97FC4400B6DC2F /* Products */,
				D2E7568666D024EC1B25E1EB /* Pods */,
				CBD22133DF88E6D4F81BF312 /* Frameworks */,
			);
			sourceTree = "<group>";
		};
		58AE54D91E97FC4400B6DC2F /* Products */ = {
			isa = PBXGroup;
			children = (
				58AE54D81E97FC4400B6DC2F /* Koala.app */,
				585C8C151E9A70A20000C63D /* Stickers.appex */,
			);
			name = Products;
			sourceTree = "<group>";
		};
		58AE54DA1E97FC4400B6DC2F /* Koala */ = {
			isa = PBXGroup;
			children = (
				58AE54FF1E9809EF00B6DC2F /* StyleSheet.swift */,
				58AE54DB1E97FC4400B6DC2F /* AppDelegate.swift */,
				580AAE2F1E9812B20083D0CC /* Controllers */,
				58AE54F41E98097900B6DC2F /* Fonts */,
				58AE54E21E97FC4400B6DC2F /* Assets.xcassets */,
				58AE54E41E97FC4400B6DC2F /* LaunchScreen.storyboard */,
				58AE54E71E97FC4400B6DC2F /* Info.plist */,
				580AAE341E9813170083D0CC /* Localizable.strings */,
			);
			path = Koala;
			sourceTree = "<group>";
		};
		58AE54F41E98097900B6DC2F /* Fonts */ = {
			isa = PBXGroup;
			children = (
				58AE54F51E98097900B6DC2F /* Poppins-Bold.ttf */,
				58AE54F61E98097900B6DC2F /* Poppins-Light.ttf */,
				58AE54F71E98097900B6DC2F /* Poppins-Medium.ttf */,
				58AE54F81E98097900B6DC2F /* Poppins-Regular.ttf */,
				58AE54F91E98097900B6DC2F /* Poppins-SemiBold.ttf */,
			);
			path = Fonts;
			sourceTree = "<group>";
		};
		CBD22133DF88E6D4F81BF312 /* Frameworks */ = {
			isa = PBXGroup;
			children = (
				9C7E162027FB2807504D0B2B /* Pods_Koala.framework */,
			);
			name = Frameworks;
			sourceTree = "<group>";
		};
		D2E7568666D024EC1B25E1EB /* Pods */ = {
			isa = PBXGroup;
			children = (
				A727B7E0BF7CB4EBB7558939 /* Pods-Koala.debug.xcconfig */,
				E12A09EF0D5F5724A79C4613 /* Pods-Koala.release.xcconfig */,
			);
			name = Pods;
			sourceTree = "<group>";
		};
/* End PBXGroup section */

/* Begin PBXNativeTarget section */
		585C8C141E9A70A20000C63D /* Stickers */ = {
			isa = PBXNativeTarget;
			buildConfigurationList = 585C8C201E9A70A20000C63D /* Build configuration list for PBXNativeTarget "Stickers" */;
			buildPhases = (
				585C8C131E9A70A20000C63D /* Resources */,
				0E73246594B697E10E8F1B25 /* Frameworks */,
			);
			buildRules = (
			);
			dependencies = (
			);
			name = Stickers;
			productName = Stickers;
			productReference = 585C8C151E9A70A20000C63D /* Stickers.appex */;
			productType = "com.apple.product-type.app-extension.messages-sticker-pack";
		};
		58AE54D71E97FC4400B6DC2F /* Koala */ = {
			isa = PBXNativeTarget;
			buildConfigurationList = 58AE54EA1E97FC4400B6DC2F /* Build configuration list for PBXNativeTarget "Koala" */;
			buildPhases = (
				EF83D7834DB1F92D8B4BDC8C /* [CP] Check Pods Manifest.lock */,
				58AE54D41E97FC4400B6DC2F /* Sources */,
				58AE54D51E97FC4400B6DC2F /* Frameworks */,
				58AE54D61E97FC4400B6DC2F /* Resources */,
				CAF2F9F9F86EB0A5CAA8B56C /* [CP] Embed Pods Frameworks */,
				EE27B76199DF2E202D1222B8 /* [CP] Copy Pods Resources */,
				585C8C1C1E9A70A20000C63D /* Embed App Extensions */,
			);
			buildRules = (
			);
			dependencies = (
				585C8C1B1E9A70A20000C63D /* PBXTargetDependency */,
			);
			name = Koala;
			productName = Koala;
			productReference = 58AE54D81E97FC4400B6DC2F /* Koala.app */;
			productType = "com.apple.product-type.application";
		};
/* End PBXNativeTarget section */

/* Begin PBXProject section */
		58AE54D01E97FC4400B6DC2F /* Project object */ = {
			isa = PBXProject;
			attributes = {
				LastSwiftUpdateCheck = 0830;
				LastUpgradeCheck = 0830;
				ORGANIZATIONNAME = Muxu.Muxu;
				TargetAttributes = {
					585C8C141E9A70A20000C63D = {
						CreatedOnToolsVersion = 8.3.1;
						DevelopmentTeam = B58NS3SSSN;
						ProvisioningStyle = Automatic;
					};
					58AE54D71E97FC4400B6DC2F = {
						CreatedOnToolsVersion = 8.3;
						DevelopmentTeam = B58NS3SSSN;
						ProvisioningStyle = Automatic;
					};
				};
			};
			buildConfigurationList = 58AE54D31E97FC4400B6DC2F /* Build configuration list for PBXProject "Koala" */;
			compatibilityVersion = "Xcode 3.2";
			developmentRegion = English;
			hasScannedForEncodings = 0;
			knownRegions = (
				en,
				Base,
				fr,
			);
			mainGroup = 58AE54CF1E97FC4400B6DC2F;
			productRefGroup = 58AE54D91E97FC4400B6DC2F /* Products */;
			projectDirPath = "";
			projectRoot = "";
			targets = (
				58AE54D71E97FC4400B6DC2F /* Koala */,
				585C8C141E9A70A20000C63D /* Stickers */,
			);
		};
/* End PBXProject section */

/* Begin PBXResourcesBuildPhase section */
		585C8C131E9A70A20000C63D /* Resources */ = {
			isa = PBXResourcesBuildPhase;
			buildActionMask = 2147483647;
			files = (
				585C8C181E9A70A20000C63D /* Stickers.xcassets in Resources */,
			);
			runOnlyForDeploymentPostprocessing = 0;
		};
		58AE54D61E97FC4400B6DC2F /* Resources */ = {
			isa = PBXResourcesBuildPhase;
			buildActionMask = 2147483647;
			files = (
				58AE54E61E97FC4400B6DC2F /* LaunchScreen.storyboard in Resources */,
				58AE54FB1E98097900B6DC2F /* Poppins-Light.ttf in Resources */,
				58AE54FD1E98097900B6DC2F /* Poppins-Regular.ttf in Resources */,
				58AE54E31E97FC4400B6DC2F /* Assets.xcassets in Resources */,
				58AE54FC1E98097900B6DC2F /* Poppins-Medium.ttf in Resources */,
				580AAE321E9813170083D0CC /* Localizable.strings in Resources */,
				58AE54FE1E98097900B6DC2F /* Poppins-SemiBold.ttf in Resources */,
				58AE54FA1E98097900B6DC2F /* Poppins-Bold.ttf in Resources */,
			);
			runOnlyForDeploymentPostprocessing = 0;
		};
/* End PBXResourcesBuildPhase section */

/* Begin PBXShellScriptBuildPhase section */
		CAF2F9F9F86EB0A5CAA8B56C /* [CP] Embed Pods Frameworks */ = {
			isa = PBXShellScriptBuildPhase;
			buildActionMask = 2147483647;
			files = (
			);
			inputPaths = (
			);
			name = "[CP] Embed Pods Frameworks";
			outputPaths = (
			);
			runOnlyForDeploymentPostprocessing = 0;
			shellPath = /bin/sh;
			shellScript = "\"${SRCROOT}/Pods/Target Support Files/Pods-Koala/Pods-Koala-frameworks.sh\"\n";
			showEnvVarsInLog = 0;
		};
		EE27B76199DF2E202D1222B8 /* [CP] Copy Pods Resources */ = {
			isa = PBXShellScriptBuildPhase;
			buildActionMask = 2147483647;
			files = (
			);
			inputPaths = (
			);
			name = "[CP] Copy Pods Resources";
			outputPaths = (
			);
			runOnlyForDeploymentPostprocessing = 0;
			shellPath = /bin/sh;
			shellScript = "\"${SRCROOT}/Pods/Target Support Files/Pods-Koala/Pods-Koala-resources.sh\"\n";
			showEnvVarsInLog = 0;
		};
		EF83D7834DB1F92D8B4BDC8C /* [CP] Check Pods Manifest.lock */ = {
			isa = PBXShellScriptBuildPhase;
			buildActionMask = 2147483647;
			files = (
			);
			inputPaths = (
			);
			name = "[CP] Check Pods Manifest.lock";
			outputPaths = (
			);
			runOnlyForDeploymentPostprocessing = 0;
			shellPath = /bin/sh;
			shellScript = "diff \"${PODS_ROOT}/../Podfile.lock\" \"${PODS_ROOT}/Manifest.lock\" > /dev/null\nif [ $? != 0 ] ; then\n    # print error to STDERR\n    echo \"error: The sandbox is not in sync with the Podfile.lock. Run 'pod install' or update your CocoaPods installation.\" >&2\n    exit 1\nfi\n";
			showEnvVarsInLog = 0;
		};
/* End PBXShellScriptBuildPhase section */

/* Begin PBXSourcesBuildPhase section */
		58AE54D41E97FC4400B6DC2F /* Sources */ = {
			isa = PBXSourcesBuildPhase;
			buildActionMask = 2147483647;
			files = (
				585C8C011E9A59940000C63D /* SettingsFooterView.swift in Sources */,
				588DBCF31E98515E00271415 /* KoalaActionSheet.swift in Sources */,
				58AE54F31E98051C00B6DC2F /* IntensityCircleView.swift in Sources */,
				58AE55001E9809EF00B6DC2F /* StyleSheet.swift in Sources */,
				580AAE391E981FBF0083D0CC /* SettingsCell.swift in Sources */,
				580AAE3B1E9824EC0083D0CC /* LightNC.swift in Sources */,
				58AE54DE1E97FC4400B6DC2F /* MainVC.swift in Sources */,
				585C8BFE1E9A3F370000C63D /* InstructionVC.swift in Sources */,
				58AE54DC1E97FC4400B6DC2F /* AppDelegate.swift in Sources */,
				5814A1B51E980EE0000A604A /* SettingsVC.swift in Sources */,
			);
			runOnlyForDeploymentPostprocessing = 0;
		};
/* End PBXSourcesBuildPhase section */

/* Begin PBXTargetDependency section */
		585C8C1B1E9A70A20000C63D /* PBXTargetDependency */ = {
			isa = PBXTargetDependency;
			target = 585C8C141E9A70A20000C63D /* Stickers */;
			targetProxy = 585C8C1A1E9A70A20000C63D /* PBXContainerItemProxy */;
		};
/* End PBXTargetDependency section */

/* Begin PBXVariantGroup section */
		580AAE341E9813170083D0CC /* Localizable.strings */ = {
			isa = PBXVariantGroup;
			children = (
				580AAE331E9813170083D0CC /* Base */,
				580AAE351E9813180083D0CC /* en */,
				580AAE361E9813190083D0CC /* fr */,
			);
			name = Localizable.strings;
			sourceTree = "<group>";
		};
		58AE54E41E97FC4400B6DC2F /* LaunchScreen.storyboard */ = {
			isa = PBXVariantGroup;
			children = (
				580AAE2E1E98116F0083D0CC /* Base */,
			);
			name = LaunchScreen.storyboard;
			sourceTree = "<group>";
		};
/* End PBXVariantGroup section */

/* Begin XCBuildConfiguration section */
		585C8C1E1E9A70A20000C63D /* Debug */ = {
			isa = XCBuildConfiguration;
			buildSettings = {
				ASSETCATALOG_COMPILER_APPICON_NAME = "iMessage App Icon";
				DEVELOPMENT_TEAM = B58NS3SSSN;
				INFOPLIST_FILE = Stickers/Info.plist;
				PRODUCT_BUNDLE_IDENTIFIER = com.muxumuxu.koala.Stickers;
				PRODUCT_NAME = "$(TARGET_NAME)";
				SKIP_INSTALL = YES;
			};
			name = Debug;
		};
		585C8C1F1E9A70A20000C63D /* Release */ = {
			isa = XCBuildConfiguration;
			buildSettings = {
				ASSETCATALOG_COMPILER_APPICON_NAME = "iMessage App Icon";
				DEVELOPMENT_TEAM = B58NS3SSSN;
				INFOPLIST_FILE = Stickers/Info.plist;
				PRODUCT_BUNDLE_IDENTIFIER = com.muxumuxu.koala.Stickers;
				PRODUCT_NAME = "$(TARGET_NAME)";
				SKIP_INSTALL = YES;
			};
			name = Release;
		};
		58AE54E81E97FC4400B6DC2F /* Debug */ = {
			isa = XCBuildConfiguration;
			buildSettings = {
				ALWAYS_SEARCH_USER_PATHS = NO;
				CLANG_ANALYZER_LOCALIZABILITY_NONLOCALIZED = YES;
				CLANG_ANALYZER_NONNULL = YES;
				CLANG_ANALYZER_NUMBER_OBJECT_CONVERSION = YES_AGGRESSIVE;
				CLANG_CXX_LANGUAGE_STANDARD = "gnu++0x";
				CLANG_CXX_LIBRARY = "libc++";
				CLANG_ENABLE_MODULES = YES;
				CLANG_ENABLE_OBJC_ARC = YES;
				CLANG_WARN_BOOL_CONVERSION = YES;
				CLANG_WARN_CONSTANT_CONVERSION = YES;
				CLANG_WARN_DIRECT_OBJC_ISA_USAGE = YES_ERROR;
				CLANG_WARN_DOCUMENTATION_COMMENTS = YES;
				CLANG_WARN_EMPTY_BODY = YES;
				CLANG_WARN_ENUM_CONVERSION = YES;
				CLANG_WARN_INFINITE_RECURSION = YES;
				CLANG_WARN_INT_CONVERSION = YES;
				CLANG_WARN_OBJC_ROOT_CLASS = YES_ERROR;
				CLANG_WARN_SUSPICIOUS_MOVE = YES;
				CLANG_WARN_UNREACHABLE_CODE = YES;
				CLANG_WARN__DUPLICATE_METHOD_MATCH = YES;
				"CODE_SIGN_IDENTITY[sdk=iphoneos*]" = "iPhone Developer";
				COPY_PHASE_STRIP = NO;
				DEBUG_INFORMATION_FORMAT = dwarf;
				ENABLE_STRICT_OBJC_MSGSEND = YES;
				ENABLE_TESTABILITY = YES;
				GCC_C_LANGUAGE_STANDARD = gnu99;
				GCC_DYNAMIC_NO_PIC = NO;
				GCC_NO_COMMON_BLOCKS = YES;
				GCC_OPTIMIZATION_LEVEL = 0;
				GCC_PREPROCESSOR_DEFINITIONS = (
					"DEBUG=1",
					"$(inherited)",
				);
				GCC_WARN_64_TO_32_BIT_CONVERSION = YES;
				GCC_WARN_ABOUT_RETURN_TYPE = YES_ERROR;
				GCC_WARN_UNDECLARED_SELECTOR = YES;
				GCC_WARN_UNINITIALIZED_AUTOS = YES_AGGRESSIVE;
				GCC_WARN_UNUSED_FUNCTION = YES;
				GCC_WARN_UNUSED_VARIABLE = YES;
				IPHONEOS_DEPLOYMENT_TARGET = 10.3;
				MTL_ENABLE_DEBUG_INFO = YES;
				ONLY_ACTIVE_ARCH = YES;
				SDKROOT = iphoneos;
				SWIFT_ACTIVE_COMPILATION_CONDITIONS = DEBUG;
				SWIFT_OPTIMIZATION_LEVEL = "-Onone";
				TARGETED_DEVICE_FAMILY = "1,2";
			};
			name = Debug;
		};
		58AE54E91E97FC4400B6DC2F /* Release */ = {
			isa = XCBuildConfiguration;
			buildSettings = {
				ALWAYS_SEARCH_USER_PATHS = NO;
				CLANG_ANALYZER_LOCALIZABILITY_NONLOCALIZED = YES;
				CLANG_ANALYZER_NONNULL = YES;
				CLANG_ANALYZER_NUMBER_OBJECT_CONVERSION = YES_AGGRESSIVE;
				CLANG_CXX_LANGUAGE_STANDARD = "gnu++0x";
				CLANG_CXX_LIBRARY = "libc++";
				CLANG_ENABLE_MODULES = YES;
				CLANG_ENABLE_OBJC_ARC = YES;
				CLANG_WARN_BOOL_CONVERSION = YES;
				CLANG_WARN_CONSTANT_CONVERSION = YES;
				CLANG_WARN_DIRECT_OBJC_ISA_USAGE = YES_ERROR;
				CLANG_WARN_DOCUMENTATION_COMMENTS = YES;
				CLANG_WARN_EMPTY_BODY = YES;
				CLANG_WARN_ENUM_CONVERSION = YES;
				CLANG_WARN_INFINITE_RECURSION = YES;
				CLANG_WARN_INT_CONVERSION = YES;
				CLANG_WARN_OBJC_ROOT_CLASS = YES_ERROR;
				CLANG_WARN_SUSPICIOUS_MOVE = YES;
				CLANG_WARN_UNREACHABLE_CODE = YES;
				CLANG_WARN__DUPLICATE_METHOD_MATCH = YES;
				"CODE_SIGN_IDENTITY[sdk=iphoneos*]" = "iPhone Developer";
				COPY_PHASE_STRIP = NO;
				DEBUG_INFORMATION_FORMAT = "dwarf-with-dsym";
				ENABLE_NS_ASSERTIONS = NO;
				ENABLE_STRICT_OBJC_MSGSEND = YES;
				GCC_C_LANGUAGE_STANDARD = gnu99;
				GCC_NO_COMMON_BLOCKS = YES;
				GCC_WARN_64_TO_32_BIT_CONVERSION = YES;
				GCC_WARN_ABOUT_RETURN_TYPE = YES_ERROR;
				GCC_WARN_UNDECLARED_SELECTOR = YES;
				GCC_WARN_UNINITIALIZED_AUTOS = YES_AGGRESSIVE;
				GCC_WARN_UNUSED_FUNCTION = YES;
				GCC_WARN_UNUSED_VARIABLE = YES;
				IPHONEOS_DEPLOYMENT_TARGET = 10.3;
				MTL_ENABLE_DEBUG_INFO = NO;
				SDKROOT = iphoneos;
				SWIFT_OPTIMIZATION_LEVEL = "-Owholemodule";
				TARGETED_DEVICE_FAMILY = "1,2";
				VALIDATE_PRODUCT = YES;
			};
			name = Release;
		};
		58AE54EB1E97FC4400B6DC2F /* Debug */ = {
			isa = XCBuildConfiguration;
			baseConfigurationReference = A727B7E0BF7CB4EBB7558939 /* Pods-Koala.debug.xcconfig */;
			buildSettings = {
				ASSETCATALOG_COMPILER_APPICON_NAME = AppIcon;
				DEVELOPMENT_TEAM = B58NS3SSSN;
				FRAMEWORK_SEARCH_PATHS = "$(inherited)";
				INFOPLIST_FILE = Koala/Info.plist;
				IPHONEOS_DEPLOYMENT_TARGET = 10.0;
				LD_RUNPATH_SEARCH_PATHS = "$(inherited) @executable_path/Frameworks";
				PRODUCT_BUNDLE_IDENTIFIER = com.muxumuxu.koala;
				PRODUCT_NAME = "$(TARGET_NAME)";
				SWIFT_VERSION = 3.0;
				TARGETED_DEVICE_FAMILY = 1;
			};
			name = Debug;
		};
		58AE54EC1E97FC4400B6DC2F /* Release */ = {
			isa = XCBuildConfiguration;
			baseConfigurationReference = E12A09EF0D5F5724A79C4613 /* Pods-Koala.release.xcconfig */;
			buildSettings = {
				ASSETCATALOG_COMPILER_APPICON_NAME = AppIcon;
				DEVELOPMENT_TEAM = B58NS3SSSN;
				FRAMEWORK_SEARCH_PATHS = "$(inherited)";
				INFOPLIST_FILE = Koala/Info.plist;
				IPHONEOS_DEPLOYMENT_TARGET = 10.0;
				LD_RUNPATH_SEARCH_PATHS = "$(inherited) @executable_path/Frameworks";
				PRODUCT_BUNDLE_IDENTIFIER = com.muxumuxu.koala;
				PRODUCT_NAME = "$(TARGET_NAME)";
				SWIFT_VERSION = 3.0;
				TARGETED_DEVICE_FAMILY = 1;
			};
			name = Release;
		};
/* End XCBuildConfiguration section */

/* Begin XCConfigurationList section */
		585C8C201E9A70A20000C63D /* Build configuration list for PBXNativeTarget "Stickers" */ = {
			isa = XCConfigurationList;
			buildConfigurations = (
				585C8C1E1E9A70A20000C63D /* Debug */,
				585C8C1F1E9A70A20000C63D /* Release */,
			);
			defaultConfigurationIsVisible = 0;
		};
		58AE54D31E97FC4400B6DC2F /* Build configuration list for PBXProject "Koala" */ = {
			isa = XCConfigurationList;
			buildConfigurations = (
				58AE54E81E97FC4400B6DC2F /* Debug */,
				58AE54E91E97FC4400B6DC2F /* Release */,
			);
			defaultConfigurationIsVisible = 0;
			defaultConfigurationName = Release;
		};
		58AE54EA1E97FC4400B6DC2F /* Build configuration list for PBXNativeTarget "Koala" */ = {
			isa = XCConfigurationList;
			buildConfigurations = (
				58AE54EB1E97FC4400B6DC2F /* Debug */,
				58AE54EC1E97FC4400B6DC2F /* Release */,
			);
			defaultConfigurationIsVisible = 0;
			defaultConfigurationName = Release;
		};
/* End XCConfigurationList section */
	};
	rootObject = 58AE54D01E97FC4400B6DC2F /* Project object */;
}
